
Microsoft Visual Studio Solution File, Format Version 12.00
# Visual Studio Version 17
VisualStudioVersion = 17.6.33801.468
MinimumVisualStudioVersion = 10.0.40219.1
Project("{2150E333-8FDC-42A3-9474-1A3956D46DE8}") = "ApiConsume", "ApiConsume", "{3BFC3FAB-78CB-464E-8B26-C5A9FABAA840}"
EndProject
Project("{2150E333-8FDC-42A3-9474-1A3956D46DE8}") = "Frontend", "Frontend", "{920F7627-E2CA-4990-8C56-57399BD81B52}"
EndProject
Project("{2150E333-8FDC-42A3-9474-1A3956D46DE8}") = "ToDoList", "ToDoList", "{A175CE89-F7FA-461F-816B-AFF4E5BFEA87}"
EndProject
Project("{9A19103F-16F7-4668-BE54-9A1E7A4F7556}") = "HotelProject.EntityLayer", "ApiConsume\HotelProject.EntityLayer\HotelProject.EntityLayer.csproj", "{3CFF24DD-3AD1-4710-BB48-DCBCD09E223B}"
EndProject
Project("{9A19103F-16F7-4668-BE54-9A1E7A4F7556}") = "HotelProject.DataAccessLayer", "ApiConsume\HotelProject.DataAccessLayer\HotelProject.DataAccessLayer.csproj", "{5C339090-CF9C-4ED7-9DA8-BFAA1936A482}"
EndProject
Project("{FAE04EC0-301F-11D3-BF4B-00C04F79EFBC}") = "HotelProject.WebApi", "ApiConsume\HotelProject.WebApi\HotelProject.WebApi.csproj", "{7B28F654-20DE-4D29-A47D-C3D71D9A4945}"
EndProject
Project("{FAE04EC0-301F-11D3-BF4B-00C04F79EFBC}") = "HotelProject.BusinessLayer", "ApiConsume\HotelProject.BusinessLayer\HotelProject.BusinessLayer.csproj", "{F24B1925-BB27-49C3-B857-9B9B5DA29BC7}"
EndProject
Project("{FAE04EC0-301F-11D3-BF4B-00C04F79EFBC}") = "HotelProject.DtoLayer", "ApiConsume\HotelProject.DtoLayer\HotelProject.DtoLayer.csproj", "{8BC97F7E-D3D8-4D78-9776-AA2BA612DB50}"
EndProject
Project("{FAE04EC0-301F-11D3-BF4B-00C04F79EFBC}") = "HotelProject.WebUI", "Frontend\HotelProject.WebUI\HotelProject.WebUI.csproj", "{7DAE9374-939D-4CA5-BA39-13682A266F72}"
EndProject
Global
	GlobalSection(SolutionConfigurationPlatforms) = preSolution
		Debug|Any CPU = Debug|Any CPU
		Release|Any CPU = Release|Any CPU
	EndGlobalSection
	GlobalSection(ProjectConfigurationPlatforms) = postSolution
		{3CFF24DD-3AD1-4710-BB48-DCBCD09E223B}.Debug|Any CPU.ActiveCfg = Debug|Any CPU
		{3CFF24DD-3AD1-4710-BB48-DCBCD09E223B}.Debug|Any CPU.Build.0 = Debug|Any CPU
		{3CFF24DD-3AD1-4710-BB48-DCBCD09E223B}.Release|Any CPU.ActiveCfg = Release|Any CPU
		{3CFF24DD-3AD1-4710-BB48-DCBCD09E223B}.Release|Any CPU.Build.0 = Release|Any CPU
		{5C339090-CF9C-4ED7-9DA8-BFAA1936A482}.Debug|Any CPU.ActiveCfg = Debug|Any CPU
		{5C339090-CF9C-4ED7-9DA8-BFAA1936A482}.Debug|Any CPU.Build.0 = Debug|Any CPU
		{5C339090-CF9C-4ED7-9DA8-BFAA1936A482}.Release|Any CPU.ActiveCfg = Release|Any CPU
		{5C339090-CF9C-4ED7-9DA8-BFAA1936A482}.Release|Any CPU.Build.0 = Release|Any CPU
		{7B28F654-20DE-4D29-A47D-C3D71D9A4945}.Debug|Any CPU.ActiveCfg = Debug|Any CPU
		{7B28F654-20DE-4D29-A47D-C3D71D9A4945}.Debug|Any CPU.Build.0 = Debug|Any CPU
		{7B28F654-20DE-4D29-A47D-C3D71D9A4945}.Release|Any CPU.ActiveCfg = Release|Any CPU
		{7B28F654-20DE-4D29-A47D-C3D71D9A4945}.Release|Any CPU.Build.0 = Release|Any CPU
		{F24B1925-BB27-49C3-B857-9B9B5DA29BC7}.Debug|Any CPU.ActiveCfg = Debug|Any CPU
		{F24B1925-BB27-49C3-B857-9B9B5DA29BC7}.Debug|Any CPU.Build.0 = Debug|Any CPU
		{F24B1925-BB27-49C3-B857-9B9B5DA29BC7}.Release|Any CPU.ActiveCfg = Release|Any CPU
		{F24B1925-BB27-49C3-B857-9B9B5DA29BC7}.Release|Any CPU.Build.0 = Release|Any CPU
		{8BC97F7E-D3D8-4D78-9776-AA2BA612DB50}.Debug|Any CPU.ActiveCfg = Debug|Any CPU
		{8BC97F7E-D3D8-4D78-9776-AA2BA612DB50}.Debug|Any CPU.Build.0 = Debug|Any CPU
		{8BC97F7E-D3D8-4D78-9776-AA2BA612DB50}.Release|Any CPU.ActiveCfg = Release|Any CPU
		{8BC97F7E-D3D8-4D78-9776-AA2BA612DB50}.Release|Any CPU.Build.0 = Release|Any CPU
		{7DAE9374-939D-4CA5-BA39-13682A266F72}.Debug|Any CPU.ActiveCfg = Debug|Any CPU
		{7DAE9374-939D-4CA5-BA39-13682A266F72}.Debug|Any CPU.Build.0 = Debug|Any CPU
		{7DAE9374-939D-4CA5-BA39-13682A266F72}.Release|Any CPU.ActiveCfg = Release|Any CPU
		{7DAE9374-939D-4CA5-BA39-13682A266F72}.Release|Any CPU.Build.0 = Release|Any CPU
	EndGlobalSection
	GlobalSection(SolutionProperties) = preSolution
		HideSolutionNode = FALSE
	EndGlobalSection
	GlobalSection(NestedProjects) = preSolution
		{3CFF24DD-3AD1-4710-BB48-DCBCD09E223B} = {3BFC3FAB-78CB-464E-8B26-C5A9FABAA840}
		{5C339090-CF9C-4ED7-9DA8-BFAA1936A482} = {3BFC3FAB-78CB-464E-8B26-C5A9FABAA840}
		{7B28F654-20DE-4D29-A47D-C3D71D9A4945} = {3BFC3FAB-78CB-464E-8B26-C5A9FABAA840}
		{F24B1925-BB27-49C3-B857-9B9B5DA29BC7} = {3BFC3FAB-78CB-464E-8B26-C5A9FABAA840}
		{8BC97F7E-D3D8-4D78-9776-AA2BA612DB50} = {3BFC3FAB-78CB-464E-8B26-C5A9FABAA840}
		{7DAE9374-939D-4CA5-BA39-13682A266F72} = {920F7627-E2CA-4990-8C56-57399BD81B52}
	EndGlobalSection
	GlobalSection(ExtensibilityGlobals) = postSolution
		SolutionGuid = {4630AED1-F461-463D-AE4A-44CD1F315233}
	EndGlobalSection
EndGlobal
